
Microsoft Visual Studio Solution File, Format Version 12.00
# Visual Studio 15
VisualStudioVersion = 15.0.28010.2046
MinimumVisualStudioVersion = 10.0.40219.1
Project("{9A19103F-16F7-4668-BE54-9A1E7A4F7556}") = "CoreWebServicePOC", "CoreWebServicePOC\CoreWebServicePOC.csproj", "{872612CD-7489-4E7A-8129-15DBB5F56D1C}"
EndProject
Project("{9A19103F-16F7-4668-BE54-9A1E7A4F7556}") = "CoreWebServicePOC.Business", "CoreWebServicePOC.Business\CoreWebServicePOC.Business.csproj", "{9AC61A02-F6C8-4C64-B683-E2AD1506936D}"
EndProject
Project("{9A19103F-16F7-4668-BE54-9A1E7A4F7556}") = "CoreWebServicePOC.core", "CoreWebServicePOC.core\CoreWebServicePOC.core.csproj", "{1505C116-63B5-47F6-B6A3-15C3A6AEC01E}"
EndProject
Project("{9A19103F-16F7-4668-BE54-9A1E7A4F7556}") = "CoreWebServicePOC.dependencyInjectionWrapper", "CoreWebServicePOC.dependencyInjectionWrapper\CoreWebServicePOC.dependencyInjectionWrapper.csproj", "{33913467-3888-4073-8B92-F6B7FB4CF046}"
EndProject
Project("{9A19103F-16F7-4668-BE54-9A1E7A4F7556}") = "CoreWebServicePOC.repo", "CoreWebServicePOC.repo\CoreWebServicePOC.repo.csproj", "{6A76E702-2929-413B-86BD-8ED7F225AF89}"
EndProject
Project("{FAE04EC0-301F-11D3-BF4B-00C04F79EFBC}") = "CoreWebServicePOC.Business.Tests", "CoreWebServicePOC.Business.Tests\CoreWebServicePOC.Business.Tests.csproj", "{329AB3B1-F835-4BE4-8D60-106A3F006AD8}"
EndProject
Project("{FAE04EC0-301F-11D3-BF4B-00C04F79EFBC}") = "CoreWebServicePOC.repo.Tests", "CoreWebServicePOC.repo.Tests\CoreWebServicePOC.repo.Tests.csproj", "{3D2881F8-B329-4B4F-9C33-4E5B48FEC659}"
EndProject
Global
	GlobalSection(SolutionConfigurationPlatforms) = preSolution
		Debug|Any CPU = Debug|Any CPU
		Release|Any CPU = Release|Any CPU
	EndGlobalSection
	GlobalSection(ProjectConfigurationPlatforms) = postSolution
		{872612CD-7489-4E7A-8129-15DBB5F56D1C}.Debug|Any CPU.ActiveCfg = Debug|Any CPU
		{872612CD-7489-4E7A-8129-15DBB5F56D1C}.Debug|Any CPU.Build.0 = Debug|Any CPU
		{872612CD-7489-4E7A-8129-15DBB5F56D1C}.Release|Any CPU.ActiveCfg = Release|Any CPU
		{872612CD-7489-4E7A-8129-15DBB5F56D1C}.Release|Any CPU.Build.0 = Release|Any CPU
		{9AC61A02-F6C8-4C64-B683-E2AD1506936D}.Debug|Any CPU.ActiveCfg = Debug|Any CPU
		{9AC61A02-F6C8-4C64-B683-E2AD1506936D}.Debug|Any CPU.Build.0 = Debug|Any CPU
		{9AC61A02-F6C8-4C64-B683-E2AD1506936D}.Release|Any CPU.ActiveCfg = Release|Any CPU
		{9AC61A02-F6C8-4C64-B683-E2AD1506936D}.Release|Any CPU.Build.0 = Release|Any CPU
		{1505C116-63B5-47F6-B6A3-15C3A6AEC01E}.Debug|Any CPU.ActiveCfg = Debug|Any CPU
		{1505C116-63B5-47F6-B6A3-15C3A6AEC01E}.Debug|Any CPU.Build.0 = Debug|Any CPU
		{1505C116-63B5-47F6-B6A3-15C3A6AEC01E}.Release|Any CPU.ActiveCfg = Release|Any CPU
		{1505C116-63B5-47F6-B6A3-15C3A6AEC01E}.Release|Any CPU.Build.0 = Release|Any CPU
		{33913467-3888-4073-8B92-F6B7FB4CF046}.Debug|Any CPU.ActiveCfg = Debug|Any CPU
		{33913467-3888-4073-8B92-F6B7FB4CF046}.Debug|Any CPU.Build.0 = Debug|Any CPU
		{33913467-3888-4073-8B92-F6B7FB4CF046}.Release|Any CPU.ActiveCfg = Release|Any CPU
		{33913467-3888-4073-8B92-F6B7FB4CF046}.Release|Any CPU.Build.0 = Release|Any CPU
		{6A76E702-2929-413B-86BD-8ED7F225AF89}.Debug|Any CPU.ActiveCfg = Debug|Any CPU
		{6A76E702-2929-413B-86BD-8ED7F225AF89}.Debug|Any CPU.Build.0 = Debug|Any CPU
		{6A76E702-2929-413B-86BD-8ED7F225AF89}.Release|Any CPU.ActiveCfg = Release|Any CPU
		{6A76E702-2929-413B-86BD-8ED7F225AF89}.Release|Any CPU.Build.0 = Release|Any CPU
		{329AB3B1-F835-4BE4-8D60-106A3F006AD8}.Debug|Any CPU.ActiveCfg = Debug|Any CPU
		{329AB3B1-F835-4BE4-8D60-106A3F006AD8}.Debug|Any CPU.Build.0 = Debug|Any CPU
		{329AB3B1-F835-4BE4-8D60-106A3F006AD8}.Release|Any CPU.ActiveCfg = Release|Any CPU
		{329AB3B1-F835-4BE4-8D60-106A3F006AD8}.Release|Any CPU.Build.0 = Release|Any CPU
		{3D2881F8-B329-4B4F-9C33-4E5B48FEC659}.Debug|Any CPU.ActiveCfg = Debug|Any CPU
		{3D2881F8-B329-4B4F-9C33-4E5B48FEC659}.Debug|Any CPU.Build.0 = Debug|Any CPU
		{3D2881F8-B329-4B4F-9C33-4E5B48FEC659}.Release|Any CPU.ActiveCfg = Release|Any CPU
		{3D2881F8-B329-4B4F-9C33-4E5B48FEC659}.Release|Any CPU.Build.0 = Release|Any CPU
	EndGlobalSection
	GlobalSection(SolutionProperties) = preSolution
		HideSolutionNode = FALSE
	EndGlobalSection
	GlobalSection(ExtensibilityGlobals) = postSolution
		SolutionGuid = {FF0EBD3E-FD39-4036-946F-F499F7487572}
	EndGlobalSection
EndGlobal
